// !$*UTF8*$!
{
	archiveVersion = 1;
	classes = {
	};
	objectVersion = 46;
	objects = {

/* Begin PBXBuildFile section */
		0580758D1D256EE800BB3AC6 /* Interface.storyboard in Resources */ = {isa = PBXBuildFile; fileRef = 0580758B1D256EE800BB3AC6 /* Interface.storyboard */; };
		0580758F1D256EE800BB3AC6 /* Assets.xcassets in Resources */ = {isa = PBXBuildFile; fileRef = 0580758E1D256EE800BB3AC6 /* Assets.xcassets */; };
		058075961D256EE800BB3AC6 /* OneShot-Watch Extension.appex in Embed App Extensions */ = {isa = PBXBuildFile; fileRef = 058075951D256EE800BB3AC6 /* OneShot-Watch Extension.appex */; settings = {ATTRIBUTES = (RemoveHeadersOnCopy, ); }; };
		0580759B1D256EE800BB3AC6 /* InterfaceController.swift in Sources */ = {isa = PBXBuildFile; fileRef = 0580759A1D256EE800BB3AC6 /* InterfaceController.swift */; };
		0580759D1D256EE800BB3AC6 /* ExtensionDelegate.swift in Sources */ = {isa = PBXBuildFile; fileRef = 0580759C1D256EE800BB3AC6 /* ExtensionDelegate.swift */; };
		0580759F1D256EE800BB3AC6 /* Assets.xcassets in Resources */ = {isa = PBXBuildFile; fileRef = 0580759E1D256EE800BB3AC6 /* Assets.xcassets */; };
		058075A31D256EE800BB3AC6 /* OneShot-Watch.app in Embed Watch Content */ = {isa = PBXBuildFile; fileRef = 058075891D256EE800BB3AC6 /* OneShot-Watch.app */; };
		F403C1571BCAB72D00687887 /* MapViewController.swift in Sources */ = {isa = PBXBuildFile; fileRef = F403C1561BCAB72D00687887 /* MapViewController.swift */; };
		F42B19291A7D46A3008503C6 /* AppDelegate.swift in Sources */ = {isa = PBXBuildFile; fileRef = F42B19281A7D46A3008503C6 /* AppDelegate.swift */; };
		F42B192E1A7D46A3008503C6 /* Main.storyboard in Resources */ = {isa = PBXBuildFile; fileRef = F42B192C1A7D46A3008503C6 /* Main.storyboard */; };
		F42B19301A7D46A3008503C6 /* Images.xcassets in Resources */ = {isa = PBXBuildFile; fileRef = F42B192F1A7D46A3008503C6 /* Images.xcassets */; };
		F42B19331A7D46A3008503C6 /* LaunchScreen.xib in Resources */ = {isa = PBXBuildFile; fileRef = F42B19311A7D46A3008503C6 /* LaunchScreen.xib */; };
		F42B193F1A7D46A3008503C6 /* OneShotTests.swift in Sources */ = {isa = PBXBuildFile; fileRef = F42B193E1A7D46A3008503C6 /* OneShotTests.swift */; };
		F42B19491A7D46D3008503C6 /* CameraViewController.swift in Sources */ = {isa = PBXBuildFile; fileRef = F42B19481A7D46D3008503C6 /* CameraViewController.swift */; };
		F4CEE5A81A7E66BB006118A9 /* ImageViewController.swift in Sources */ = {isa = PBXBuildFile; fileRef = F4CEE5A71A7E66BB006118A9 /* ImageViewController.swift */; };
		F4CEE5AA1A7E6C57006118A9 /* Utils.swift in Sources */ = {isa = PBXBuildFile; fileRef = F4CEE5A91A7E6C57006118A9 /* Utils.swift */; };
/* End PBXBuildFile section */

/* Begin PBXContainerItemProxy section */
		058075971D256EE800BB3AC6 /* PBXContainerItemProxy */ = {
			isa = PBXContainerItemProxy;
			containerPortal = F42B191B1A7D46A3008503C6 /* Project object */;
			proxyType = 1;
			remoteGlobalIDString = 058075941D256EE800BB3AC6;
			remoteInfo = "OneShot-Watch Extension";
		};
		058075A11D256EE800BB3AC6 /* PBXContainerItemProxy */ = {
			isa = PBXContainerItemProxy;
			containerPortal = F42B191B1A7D46A3008503C6 /* Project object */;
			proxyType = 1;
			remoteGlobalIDString = 058075881D256EE800BB3AC6;
			remoteInfo = "OneShot-Watch";
		};
		F42B19391A7D46A3008503C6 /* PBXContainerItemProxy */ = {
			isa = PBXContainerItemProxy;
			containerPortal = F42B191B1A7D46A3008503C6 /* Project object */;
			proxyType = 1;
			remoteGlobalIDString = F42B19221A7D46A3008503C6;
			remoteInfo = OneShot;
		};
/* End PBXContainerItemProxy section */

/* Begin PBXCopyFilesBuildPhase section */
		058075A71D256EE800BB3AC6 /* Embed App Extensions */ = {
			isa = PBXCopyFilesBuildPhase;
			buildActionMask = 2147483647;
			dstPath = "";
			dstSubfolderSpec = 13;
			files = (
				058075961D256EE800BB3AC6 /* OneShot-Watch Extension.appex in Embed App Extensions */,
			);
			name = "Embed App Extensions";
			runOnlyForDeploymentPostprocessing = 0;
		};
		058075AB1D256EE800BB3AC6 /* Embed Watch Content */ = {
			isa = PBXCopyFilesBuildPhase;
			buildActionMask = 2147483647;
			dstPath = "$(CONTENTS_FOLDER_PATH)/Watch";
			dstSubfolderSpec = 16;
			files = (
				058075A31D256EE800BB3AC6 /* OneShot-Watch.app in Embed Watch Content */,
			);
			name = "Embed Watch Content";
			runOnlyForDeploymentPostprocessing = 0;
		};
/* End PBXCopyFilesBuildPhase section */

/* Begin PBXFileReference section */
		058075891D256EE800BB3AC6 /* OneShot-Watch.app */ = {isa = PBXFileReference; explicitFileType = wrapper.application; includeInIndex = 0; path = "OneShot-Watch.app"; sourceTree = BUILT_PRODUCTS_DIR; };
		0580758C1D256EE800BB3AC6 /* Base */ = {isa = PBXFileReference; lastKnownFileType = file.storyboard; name = Base; path = Base.lproj/Interface.storyboard; sourceTree = "<group>"; };
		0580758E1D256EE800BB3AC6 /* Assets.xcassets */ = {isa = PBXFileReference; lastKnownFileType = folder.assetcatalog; path = Assets.xcassets; sourceTree = "<group>"; };
		058075901D256EE800BB3AC6 /* Info.plist */ = {isa = PBXFileReference; lastKnownFileType = text.plist.xml; path = Info.plist; sourceTree = "<group>"; };
		058075951D256EE800BB3AC6 /* OneShot-Watch Extension.appex */ = {isa = PBXFileReference; explicitFileType = "wrapper.app-extension"; includeInIndex = 0; path = "OneShot-Watch Extension.appex"; sourceTree = BUILT_PRODUCTS_DIR; };
		0580759A1D256EE800BB3AC6 /* InterfaceController.swift */ = {isa = PBXFileReference; lastKnownFileType = sourcecode.swift; path = InterfaceController.swift; sourceTree = "<group>"; };
		0580759C1D256EE800BB3AC6 /* ExtensionDelegate.swift */ = {isa = PBXFileReference; lastKnownFileType = sourcecode.swift; path = ExtensionDelegate.swift; sourceTree = "<group>"; };
		0580759E1D256EE800BB3AC6 /* Assets.xcassets */ = {isa = PBXFileReference; lastKnownFileType = folder.assetcatalog; path = Assets.xcassets; sourceTree = "<group>"; };
		058075A01D256EE800BB3AC6 /* Info.plist */ = {isa = PBXFileReference; lastKnownFileType = text.plist.xml; path = Info.plist; sourceTree = "<group>"; };
		F403C1561BCAB72D00687887 /* MapViewController.swift */ = {isa = PBXFileReference; fileEncoding = 4; lastKnownFileType = sourcecode.swift; path = MapViewController.swift; sourceTree = "<group>"; };
		F42B19231A7D46A3008503C6 /* OneShot.app */ = {isa = PBXFileReference; explicitFileType = wrapper.application; includeInIndex = 0; path = OneShot.app; sourceTree = BUILT_PRODUCTS_DIR; };
		F42B19271A7D46A3008503C6 /* Info.plist */ = {isa = PBXFileReference; lastKnownFileType = text.plist.xml; path = Info.plist; sourceTree = "<group>"; };
		F42B19281A7D46A3008503C6 /* AppDelegate.swift */ = {isa = PBXFileReference; lastKnownFileType = sourcecode.swift; path = AppDelegate.swift; sourceTree = "<group>"; };
		F42B192D1A7D46A3008503C6 /* Base */ = {isa = PBXFileReference; lastKnownFileType = file.storyboard; name = Base; path = Base.lproj/Main.storyboard; sourceTree = "<group>"; };
		F42B192F1A7D46A3008503C6 /* Images.xcassets */ = {isa = PBXFileReference; lastKnownFileType = folder.assetcatalog; path = Images.xcassets; sourceTree = "<group>"; };
		F42B19321A7D46A3008503C6 /* Base */ = {isa = PBXFileReference; lastKnownFileType = file.xib; name = Base; path = Base.lproj/LaunchScreen.xib; sourceTree = "<group>"; };
		F42B19381A7D46A3008503C6 /* OneShotTests.xctest */ = {isa = PBXFileReference; explicitFileType = wrapper.cfbundle; includeInIndex = 0; path = OneShotTests.xctest; sourceTree = BUILT_PRODUCTS_DIR; };
		F42B193D1A7D46A3008503C6 /* Info.plist */ = {isa = PBXFileReference; lastKnownFileType = text.plist.xml; path = Info.plist; sourceTree = "<group>"; };
		F42B193E1A7D46A3008503C6 /* OneShotTests.swift */ = {isa = PBXFileReference; lastKnownFileType = sourcecode.swift; path = OneShotTests.swift; sourceTree = "<group>"; };
		F42B19481A7D46D3008503C6 /* CameraViewController.swift */ = {isa = PBXFileReference; fileEncoding = 4; lastKnownFileType = sourcecode.swift; path = CameraViewController.swift; sourceTree = "<group>"; };
		F4CEE5A71A7E66BB006118A9 /* ImageViewController.swift */ = {isa = PBXFileReference; fileEncoding = 4; lastKnownFileType = sourcecode.swift; path = ImageViewController.swift; sourceTree = "<group>"; };
		F4CEE5A91A7E6C57006118A9 /* Utils.swift */ = {isa = PBXFileReference; fileEncoding = 4; lastKnownFileType = sourcecode.swift; path = Utils.swift; sourceTree = "<group>"; };
/* End PBXFileReference section */

/* Begin PBXFrameworksBuildPhase section */
		058075921D256EE800BB3AC6 /* Frameworks */ = {
			isa = PBXFrameworksBuildPhase;
			buildActionMask = 2147483647;
			files = (
			);
			runOnlyForDeploymentPostprocessing = 0;
		};
		F42B19201A7D46A3008503C6 /* Frameworks */ = {
			isa = PBXFrameworksBuildPhase;
			buildActionMask = 2147483647;
			files = (
			);
			runOnlyForDeploymentPostprocessing = 0;
		};
		F42B19351A7D46A3008503C6 /* Frameworks */ = {
			isa = PBXFrameworksBuildPhase;
			buildActionMask = 2147483647;
			files = (
			);
			runOnlyForDeploymentPostprocessing = 0;
		};
/* End PBXFrameworksBuildPhase section */

/* Begin PBXGroup section */
		0580758A1D256EE800BB3AC6 /* OneShot-Watch */ = {
			isa = PBXGroup;
			children = (
				0580758B1D256EE800BB3AC6 /* Interface.storyboard */,
				0580758E1D256EE800BB3AC6 /* Assets.xcassets */,
				058075901D256EE800BB3AC6 /* Info.plist */,
			);
			path = "OneShot-Watch";
			sourceTree = "<group>";
		};
		058075991D256EE800BB3AC6 /* OneShot-Watch Extension */ = {
			isa = PBXGroup;
			children = (
				0580759A1D256EE800BB3AC6 /* InterfaceController.swift */,
				0580759C1D256EE800BB3AC6 /* ExtensionDelegate.swift */,
				0580759E1D256EE800BB3AC6 /* Assets.xcassets */,
				058075A01D256EE800BB3AC6 /* Info.plist */,
			);
			path = "OneShot-Watch Extension";
			sourceTree = "<group>";
		};
		F42B191A1A7D46A2008503C6 = {
			isa = PBXGroup;
			children = (
				F42B19251A7D46A3008503C6 /* OneShot */,
				F42B193B1A7D46A3008503C6 /* OneShotTests */,
				0580758A1D256EE800BB3AC6 /* OneShot-Watch */,
				058075991D256EE800BB3AC6 /* OneShot-Watch Extension */,
				F42B19241A7D46A3008503C6 /* Products */,
			);
			sourceTree = "<group>";
		};
		F42B19241A7D46A3008503C6 /* Products */ = {
			isa = PBXGroup;
			children = (
				F42B19231A7D46A3008503C6 /* OneShot.app */,
				F42B19381A7D46A3008503C6 /* OneShotTests.xctest */,
				058075891D256EE800BB3AC6 /* OneShot-Watch.app */,
				058075951D256EE800BB3AC6 /* OneShot-Watch Extension.appex */,
			);
			name = Products;
			sourceTree = "<group>";
		};
		F42B19251A7D46A3008503C6 /* OneShot */ = {
			isa = PBXGroup;
			children = (
				F4CEE5A91A7E6C57006118A9 /* Utils.swift */,
				F42B19281A7D46A3008503C6 /* AppDelegate.swift */,
				F403C1561BCAB72D00687887 /* MapViewController.swift */,
				F42B19481A7D46D3008503C6 /* CameraViewController.swift */,
				F4CEE5A71A7E66BB006118A9 /* ImageViewController.swift */,
				F42B192C1A7D46A3008503C6 /* Main.storyboard */,
				F42B192F1A7D46A3008503C6 /* Images.xcassets */,
				F42B19311A7D46A3008503C6 /* LaunchScreen.xib */,
				F42B19261A7D46A3008503C6 /* Supporting Files */,
			);
			path = OneShot;
			sourceTree = "<group>";
		};
		F42B19261A7D46A3008503C6 /* Supporting Files */ = {
			isa = PBXGroup;
			children = (
				F42B19271A7D46A3008503C6 /* Info.plist */,
			);
			name = "Supporting Files";
			sourceTree = "<group>";
		};
		F42B193B1A7D46A3008503C6 /* OneShotTests */ = {
			isa = PBXGroup;
			children = (
				F42B193E1A7D46A3008503C6 /* OneShotTests.swift */,
				F42B193C1A7D46A3008503C6 /* Supporting Files */,
			);
			path = OneShotTests;
			sourceTree = "<group>";
		};
		F42B193C1A7D46A3008503C6 /* Supporting Files */ = {
			isa = PBXGroup;
			children = (
				F42B193D1A7D46A3008503C6 /* Info.plist */,
			);
			name = "Supporting Files";
			sourceTree = "<group>";
		};
/* End PBXGroup section */

/* Begin PBXNativeTarget section */
		058075881D256EE800BB3AC6 /* OneShot-Watch */ = {
			isa = PBXNativeTarget;
			buildConfigurationList = 058075A81D256EE800BB3AC6 /* Build configuration list for PBXNativeTarget "OneShot-Watch" */;
			buildPhases = (
				058075871D256EE800BB3AC6 /* Resources */,
				058075A71D256EE800BB3AC6 /* Embed App Extensions */,
			);
			buildRules = (
			);
			dependencies = (
				058075981D256EE800BB3AC6 /* PBXTargetDependency */,
			);
			name = "OneShot-Watch";
			productName = "OneShot-Watch";
			productReference = 058075891D256EE800BB3AC6 /* OneShot-Watch.app */;
			productType = "com.apple.product-type.application.watchapp2";
		};
		058075941D256EE800BB3AC6 /* OneShot-Watch Extension */ = {
			isa = PBXNativeTarget;
			buildConfigurationList = 058075A41D256EE800BB3AC6 /* Build configuration list for PBXNativeTarget "OneShot-Watch Extension" */;
			buildPhases = (
				058075911D256EE800BB3AC6 /* Sources */,
				058075921D256EE800BB3AC6 /* Frameworks */,
				058075931D256EE800BB3AC6 /* Resources */,
			);
			buildRules = (
			);
			dependencies = (
			);
			name = "OneShot-Watch Extension";
			productName = "OneShot-Watch Extension";
			productReference = 058075951D256EE800BB3AC6 /* OneShot-Watch Extension.appex */;
			productType = "com.apple.product-type.watchkit2-extension";
		};
		F42B19221A7D46A3008503C6 /* OneShot */ = {
			isa = PBXNativeTarget;
			buildConfigurationList = F42B19421A7D46A3008503C6 /* Build configuration list for PBXNativeTarget "OneShot" */;
			buildPhases = (
				F42B191F1A7D46A3008503C6 /* Sources */,
				F42B19201A7D46A3008503C6 /* Frameworks */,
				F42B19211A7D46A3008503C6 /* Resources */,
				058075AB1D256EE800BB3AC6 /* Embed Watch Content */,
			);
			buildRules = (
			);
			dependencies = (
				058075A21D256EE800BB3AC6 /* PBXTargetDependency */,
			);
			name = OneShot;
			productName = OneShot;
			productReference = F42B19231A7D46A3008503C6 /* OneShot.app */;
			productType = "com.apple.product-type.application";
		};
		F42B19371A7D46A3008503C6 /* OneShotTests */ = {
			isa = PBXNativeTarget;
			buildConfigurationList = F42B19451A7D46A3008503C6 /* Build configuration list for PBXNativeTarget "OneShotTests" */;
			buildPhases = (
				F42B19341A7D46A3008503C6 /* Sources */,
				F42B19351A7D46A3008503C6 /* Frameworks */,
				F42B19361A7D46A3008503C6 /* Resources */,
			);
			buildRules = (
			);
			dependencies = (
				F42B193A1A7D46A3008503C6 /* PBXTargetDependency */,
			);
			name = OneShotTests;
			productName = OneShotTests;
			productReference = F42B19381A7D46A3008503C6 /* OneShotTests.xctest */;
			productType = "com.apple.product-type.bundle.unit-test";
		};
/* End PBXNativeTarget section */

/* Begin PBXProject section */
		F42B191B1A7D46A3008503C6 /* Project object */ = {
			isa = PBXProject;
			attributes = {
				LastSwiftMigration = 0700;
				LastSwiftUpdateCheck = 0730;
				LastUpgradeCheck = 0700;
				ORGANIZATIONNAME = "Atanai Wuttisetpaiboon";
				TargetAttributes = {
					058075881D256EE800BB3AC6 = {
						CreatedOnToolsVersion = 7.3.1;
						DevelopmentTeam = 9SKU7MFJG7;
					};
					058075941D256EE800BB3AC6 = {
						CreatedOnToolsVersion = 7.3.1;
						DevelopmentTeam = 9SKU7MFJG7;
					};
					F42B19221A7D46A3008503C6 = {
						CreatedOnToolsVersion = 6.2;
						DevelopmentTeam = 9SKU7MFJG7;
						SystemCapabilities = {
							com.apple.Maps.iOS = {
								enabled = 0;
							};
						};
					};
					F42B19371A7D46A3008503C6 = {
						CreatedOnToolsVersion = 6.2;
						TestTargetID = F42B19221A7D46A3008503C6;
					};
				};
			};
			buildConfigurationList = F42B191E1A7D46A3008503C6 /* Build configuration list for PBXProject "OneShot" */;
			compatibilityVersion = "Xcode 3.2";
			developmentRegion = English;
			hasScannedForEncodings = 0;
			knownRegions = (
				en,
				Base,
			);
			mainGroup = F42B191A1A7D46A2008503C6;
			productRefGroup = F42B19241A7D46A3008503C6 /* Products */;
			projectDirPath = "";
			projectRoot = "";
			targets = (
				F42B19221A7D46A3008503C6 /* OneShot */,
				F42B19371A7D46A3008503C6 /* OneShotTests */,
				058075881D256EE800BB3AC6 /* OneShot-Watch */,
				058075941D256EE800BB3AC6 /* OneShot-Watch Extension */,
			);
		};
/* End PBXProject section */

/* Begin PBXResourcesBuildPhase section */
		058075871D256EE800BB3AC6 /* Resources */ = {
			isa = PBXResourcesBuildPhase;
			buildActionMask = 2147483647;
			files = (
				0580758F1D256EE800BB3AC6 /* Assets.xcassets in Resources */,
				0580758D1D256EE800BB3AC6 /* Interface.storyboard in Resources */,
			);
			runOnlyForDeploymentPostprocessing = 0;
		};
		058075931D256EE800BB3AC6 /* Resources */ = {
			isa = PBXResourcesBuildPhase;
			buildActionMask = 2147483647;
			files = (
				0580759F1D256EE800BB3AC6 /* Assets.xcassets in Resources */,
			);
			runOnlyForDeploymentPostprocessing = 0;
		};
		F42B19211A7D46A3008503C6 /* Resources */ = {
			isa = PBXResourcesBuildPhase;
			buildActionMask = 2147483647;
			files = (
				F42B192E1A7D46A3008503C6 /* Main.storyboard in Resources */,
				F42B19331A7D46A3008503C6 /* LaunchScreen.xib in Resources */,
				F42B19301A7D46A3008503C6 /* Images.xcassets in Resources */,
			);
			runOnlyForDeploymentPostprocessing = 0;
		};
		F42B19361A7D46A3008503C6 /* Resources */ = {
			isa = PBXResourcesBuildPhase;
			buildActionMask = 2147483647;
			files = (
			);
			runOnlyForDeploymentPostprocessing = 0;
		};
/* End PBXResourcesBuildPhase section */

/* Begin PBXSourcesBuildPhase section */
		058075911D256EE800BB3AC6 /* Sources */ = {
			isa = PBXSourcesBuildPhase;
			buildActionMask = 2147483647;
			files = (
				0580759D1D256EE800BB3AC6 /* ExtensionDelegate.swift in Sources */,
				0580759B1D256EE800BB3AC6 /* InterfaceController.swift in Sources */,
			);
			runOnlyForDeploymentPostprocessing = 0;
		};
		F42B191F1A7D46A3008503C6 /* Sources */ = {
			isa = PBXSourcesBuildPhase;
			buildActionMask = 2147483647;
			files = (
				F42B19291A7D46A3008503C6 /* AppDelegate.swift in Sources */,
				F4CEE5A81A7E66BB006118A9 /* ImageViewController.swift in Sources */,
				F42B19491A7D46D3008503C6 /* CameraViewController.swift in Sources */,
				F403C1571BCAB72D00687887 /* MapViewController.swift in Sources */,
				F4CEE5AA1A7E6C57006118A9 /* Utils.swift in Sources */,
			);
			runOnlyForDeploymentPostprocessing = 0;
		};
		F42B19341A7D46A3008503C6 /* Sources */ = {
			isa = PBXSourcesBuildPhase;
			buildActionMask = 2147483647;
			files = (
				F42B193F1A7D46A3008503C6 /* OneShotTests.swift in Sources */,
			);
			runOnlyForDeploymentPostprocessing = 0;
		};
/* End PBXSourcesBuildPhase section */

/* Begin PBXTargetDependency section */
		058075981D256EE800BB3AC6 /* PBXTargetDependency */ = {
			isa = PBXTargetDependency;
			target = 058075941D256EE800BB3AC6 /* OneShot-Watch Extension */;
			targetProxy = 058075971D256EE800BB3AC6 /* PBXContainerItemProxy */;
		};
		058075A21D256EE800BB3AC6 /* PBXTargetDependency */ = {
			isa = PBXTargetDependency;
			target = 058075881D256EE800BB3AC6 /* OneShot-Watch */;
			targetProxy = 058075A11D256EE800BB3AC6 /* PBXContainerItemProxy */;
		};
		F42B193A1A7D46A3008503C6 /* PBXTargetDependency */ = {
			isa = PBXTargetDependency;
			target = F42B19221A7D46A3008503C6 /* OneShot */;
			targetProxy = F42B19391A7D46A3008503C6 /* PBXContainerItemProxy */;
		};
/* End PBXTargetDependency section */

/* Begin PBXVariantGroup section */
		0580758B1D256EE800BB3AC6 /* Interface.storyboard */ = {
			isa = PBXVariantGroup;
			children = (
				0580758C1D256EE800BB3AC6 /* Base */,
			);
			name = Interface.storyboard;
			sourceTree = "<group>";
		};
		F42B192C1A7D46A3008503C6 /* Main.storyboard */ = {
			isa = PBXVariantGroup;
			children = (
				F42B192D1A7D46A3008503C6 /* Base */,
			);
			name = Main.storyboard;
			sourceTree = "<group>";
		};
		F42B19311A7D46A3008503C6 /* LaunchScreen.xib */ = {
			isa = PBXVariantGroup;
			children = (
				F42B19321A7D46A3008503C6 /* Base */,
			);
			name = LaunchScreen.xib;
			sourceTree = "<group>";
		};
/* End PBXVariantGroup section */

/* Begin XCBuildConfiguration section */
		058075A51D256EE800BB3AC6 /* Debug */ = {
			isa = XCBuildConfiguration;
			buildSettings = {
				CLANG_ANALYZER_NONNULL = YES;
				CODE_SIGN_IDENTITY = "iPhone Developer";
				"CODE_SIGN_IDENTITY[sdk=watchos*]" = "iPhone Developer";
				DEBUG_INFORMATION_FORMAT = dwarf;
				GCC_NO_COMMON_BLOCKS = YES;
				INFOPLIST_FILE = "OneShot-Watch Extension/Info.plist";
				LD_RUNPATH_SEARCH_PATHS = "$(inherited) @executable_path/Frameworks @executable_path/../../Frameworks";
				PRODUCT_BUNDLE_IDENTIFIER = Atanai.OneShot.watchkitapp.watchkitextension;
				PRODUCT_NAME = "${TARGET_NAME}";
				PROVISIONING_PROFILE = "";
				SDKROOT = watchos;
				SKIP_INSTALL = YES;
				TARGETED_DEVICE_FAMILY = 4;
				WATCHOS_DEPLOYMENT_TARGET = 2.2;
			};
			name = Debug;
		};
		058075A61D256EE800BB3AC6 /* Release */ = {
			isa = XCBuildConfiguration;
			buildSettings = {
				CLANG_ANALYZER_NONNULL = YES;
				CODE_SIGN_IDENTITY = "iPhone Developer";
				"CODE_SIGN_IDENTITY[sdk=watchos*]" = "iPhone Developer";
				DEBUG_INFORMATION_FORMAT = "dwarf-with-dsym";
				GCC_NO_COMMON_BLOCKS = YES;
				INFOPLIST_FILE = "OneShot-Watch Extension/Info.plist";
				LD_RUNPATH_SEARCH_PATHS = "$(inherited) @executable_path/Frameworks @executable_path/../../Frameworks";
				PRODUCT_BUNDLE_IDENTIFIER = Atanai.OneShot.watchkitapp.watchkitextension;
				PRODUCT_NAME = "${TARGET_NAME}";
				PROVISIONING_PROFILE = "";
				SDKROOT = watchos;
				SKIP_INSTALL = YES;
				TARGETED_DEVICE_FAMILY = 4;
				WATCHOS_DEPLOYMENT_TARGET = 2.2;
			};
			name = Release;
		};
		058075A91D256EE800BB3AC6 /* Debug */ = {
			isa = XCBuildConfiguration;
			buildSettings = {
				ASSETCATALOG_COMPILER_APPICON_NAME = AppIcon;
				CLANG_ANALYZER_NONNULL = YES;
				CODE_SIGN_IDENTITY = "iPhone Developer";
				"CODE_SIGN_IDENTITY[sdk=iphoneos*]" = "iPhone Developer";
				DEBUG_INFORMATION_FORMAT = dwarf;
				EMBEDDED_CONTENT_CONTAINS_SWIFT = YES;
				GCC_NO_COMMON_BLOCKS = YES;
				IBSC_MODULE = OneShot_Watch_Extension;
				INFOPLIST_FILE = "OneShot-Watch/Info.plist";
				PRODUCT_BUNDLE_IDENTIFIER = Atanai.OneShot.watchkitapp;
				PRODUCT_NAME = "$(TARGET_NAME)";
				SDKROOT = watchos;
				SKIP_INSTALL = YES;
				TARGETED_DEVICE_FAMILY = 4;
				WATCHOS_DEPLOYMENT_TARGET = 2.2;
			};
			name = Debug;
		};
		058075AA1D256EE800BB3AC6 /* Release */ = {
			isa = XCBuildConfiguration;
			buildSettings = {
				ASSETCATALOG_COMPILER_APPICON_NAME = AppIcon;
				CLANG_ANALYZER_NONNULL = YES;
				CODE_SIGN_IDENTITY = "iPhone Developer";
				"CODE_SIGN_IDENTITY[sdk=iphoneos*]" = "iPhone Developer";
				DEBUG_INFORMATION_FORMAT = "dwarf-with-dsym";
				EMBEDDED_CONTENT_CONTAINS_SWIFT = YES;
				GCC_NO_COMMON_BLOCKS = YES;
				IBSC_MODULE = OneShot_Watch_Extension;
				INFOPLIST_FILE = "OneShot-Watch/Info.plist";
				PRODUCT_BUNDLE_IDENTIFIER = Atanai.OneShot.watchkitapp;
				PRODUCT_NAME = "$(TARGET_NAME)";
				SDKROOT = watchos;
				SKIP_INSTALL = YES;
				TARGETED_DEVICE_FAMILY = 4;
				WATCHOS_DEPLOYMENT_TARGET = 2.2;
			};
			name = Release;
		};
		F42B19401A7D46A3008503C6 /* Debug */ = {
			isa = XCBuildConfiguration;
			buildSettings = {
				ALWAYS_SEARCH_USER_PATHS = NO;
				CLANG_CXX_LANGUAGE_STANDARD = "gnu++0x";
				CLANG_CXX_LIBRARY = "libc++";
				CLANG_ENABLE_MODULES = YES;
				CLANG_ENABLE_OBJC_ARC = YES;
				CLANG_WARN_BOOL_CONVERSION = YES;
				CLANG_WARN_CONSTANT_CONVERSION = YES;
				CLANG_WARN_DIRECT_OBJC_ISA_USAGE = YES_ERROR;
				CLANG_WARN_EMPTY_BODY = YES;
				CLANG_WARN_ENUM_CONVERSION = YES;
				CLANG_WARN_INT_CONVERSION = YES;
				CLANG_WARN_OBJC_ROOT_CLASS = YES_ERROR;
				CLANG_WARN_UNREACHABLE_CODE = YES;
				CLANG_WARN__DUPLICATE_METHOD_MATCH = YES;
				"CODE_SIGN_IDENTITY[sdk=iphoneos*]" = "iPhone Developer";
				COPY_PHASE_STRIP = NO;
				ENABLE_STRICT_OBJC_MSGSEND = YES;
				ENABLE_TESTABILITY = YES;
				GCC_C_LANGUAGE_STANDARD = gnu99;
				GCC_DYNAMIC_NO_PIC = NO;
				GCC_OPTIMIZATION_LEVEL = 0;
				GCC_PREPROCESSOR_DEFINITIONS = (
					"DEBUG=1",
					"$(inherited)",
				);
				GCC_SYMBOLS_PRIVATE_EXTERN = NO;
				GCC_WARN_64_TO_32_BIT_CONVERSION = YES;
				GCC_WARN_ABOUT_RETURN_TYPE = YES_ERROR;
				GCC_WARN_UNDECLARED_SELECTOR = YES;
				GCC_WARN_UNINITIALIZED_AUTOS = YES_AGGRESSIVE;
				GCC_WARN_UNUSED_FUNCTION = YES;
				GCC_WARN_UNUSED_VARIABLE = YES;
				IPHONEOS_DEPLOYMENT_TARGET = 9.1;
				MTL_ENABLE_DEBUG_INFO = YES;
				ONLY_ACTIVE_ARCH = YES;
				SDKROOT = iphoneos;
				SWIFT_OPTIMIZATION_LEVEL = "-Onone";
			};
			name = Debug;
		};
		F42B19411A7D46A3008503C6 /* Release */ = {
			isa = XCBuildConfiguration;
			buildSettings = {
				ALWAYS_SEARCH_USER_PATHS = NO;
				CLANG_CXX_LANGUAGE_STANDARD = "gnu++0x";
				CLANG_CXX_LIBRARY = "libc++";
				CLANG_ENABLE_MODULES = YES;
				CLANG_ENABLE_OBJC_ARC = YES;
				CLANG_WARN_BOOL_CONVERSION = YES;
				CLANG_WARN_CONSTANT_CONVERSION = YES;
				CLANG_WARN_DIRECT_OBJC_ISA_USAGE = YES_ERROR;
				CLANG_WARN_EMPTY_BODY = YES;
				CLANG_WARN_ENUM_CONVERSION = YES;
				CLANG_WARN_INT_CONVERSION = YES;
				CLANG_WARN_OBJC_ROOT_CLASS = YES_ERROR;
				CLANG_WARN_UNREACHABLE_CODE = YES;
				CLANG_WARN__DUPLICATE_METHOD_MATCH = YES;
				"CODE_SIGN_IDENTITY[sdk=iphoneos*]" = "iPhone Developer";
				COPY_PHASE_STRIP = NO;
				ENABLE_NS_ASSERTIONS = NO;
				ENABLE_STRICT_OBJC_MSGSEND = YES;
				GCC_C_LANGUAGE_STANDARD = gnu99;
				GCC_WARN_64_TO_32_BIT_CONVERSION = YES;
				GCC_WARN_ABOUT_RETURN_TYPE = YES_ERROR;
				GCC_WARN_UNDECLARED_SELECTOR = YES;
				GCC_WARN_UNINITIALIZED_AUTOS = YES_AGGRESSIVE;
				GCC_WARN_UNUSED_FUNCTION = YES;
				GCC_WARN_UNUSED_VARIABLE = YES;
				IPHONEOS_DEPLOYMENT_TARGET = 9.1;
				MTL_ENABLE_DEBUG_INFO = NO;
				SDKROOT = iphoneos;
				VALIDATE_PRODUCT = YES;
			};
			name = Release;
		};
		F42B19431A7D46A3008503C6 /* Debug */ = {
			isa = XCBuildConfiguration;
			buildSettings = {
				ASSETCATALOG_COMPILER_APPICON_NAME = AppIcon;
				CODE_SIGN_IDENTITY = "iPhone Developer";
				"CODE_SIGN_IDENTITY[sdk=iphoneos*]" = "iPhone Developer";
				INFOPLIST_FILE = OneShot/Info.plist;
				IPHONEOS_DEPLOYMENT_TARGET = 9.0;
				LD_RUNPATH_SEARCH_PATHS = "$(inherited) @executable_path/Frameworks";
				PRODUCT_BUNDLE_IDENTIFIER = "Atanai.$(PRODUCT_NAME:rfc1034identifier)";
				PRODUCT_NAME = "$(TARGET_NAME)";
				PROVISIONING_PROFILE = "";
				TARGETED_DEVICE_FAMILY = 1;
			};
			name = Debug;
		};
		F42B19441A7D46A3008503C6 /* Release */ = {
			isa = XCBuildConfiguration;
			buildSettings = {
				ASSETCATALOG_COMPILER_APPICON_NAME = AppIcon;
				CODE_SIGN_IDENTITY = "iPhone Developer";
				"CODE_SIGN_IDENTITY[sdk=iphoneos*]" = "iPhone Developer";
				INFOPLIST_FILE = OneShot/Info.plist;
				IPHONEOS_DEPLOYMENT_TARGET = 9.0;
				LD_RUNPATH_SEARCH_PATHS = "$(inherited) @executable_path/Frameworks";
				PRODUCT_BUNDLE_IDENTIFIER = "Atanai.$(PRODUCT_NAME:rfc1034identifier)";
				PRODUCT_NAME = "$(TARGET_NAME)";
				PROVISIONING_PROFILE = "";
				TARGETED_DEVICE_FAMILY = 1;
			};
			name = Release;
		};
		F42B19461A7D46A3008503C6 /* Debug */ = {
			isa = XCBuildConfiguration;
			buildSettings = {
				BUNDLE_LOADER = "$(TEST_HOST)";
				FRAMEWORK_SEARCH_PATHS = (
					"$(SDKROOT)/Developer/Library/Frameworks",
					"$(inherited)",
				);
				GCC_PREPROCESSOR_DEFINITIONS = (
					"DEBUG=1",
					"$(inherited)",
				);
				INFOPLIST_FILE = OneShotTests/Info.plist;
				LD_RUNPATH_SEARCH_PATHS = "$(inherited) @executable_path/Frameworks @loader_path/Frameworks";
				PRODUCT_BUNDLE_IDENTIFIER = "Atanai.$(PRODUCT_NAME:rfc1034identifier)";
				PRODUCT_NAME = "$(TARGET_NAME)";
				TEST_HOST = "$(BUILT_PRODUCTS_DIR)/OneShot.app/OneShot";
			};
			name = Debug;
		};
		F42B19471A7D46A3008503C6 /* Release */ = {
			isa = XCBuildConfiguration;
			buildSettings = {
				BUNDLE_LOADER = "$(TEST_HOST)";
				FRAMEWORK_SEARCH_PATHS = (
					"$(SDKROOT)/Developer/Library/Frameworks",
					"$(inherited)",
				);
				INFOPLIST_FILE = OneShotTests/Info.plist;
				LD_RUNPATH_SEARCH_PATHS = "$(inherited) @executable_path/Frameworks @loader_path/Frameworks";
				PRODUCT_BUNDLE_IDENTIFIER = "Atanai.$(PRODUCT_NAME:rfc1034identifier)";
				PRODUCT_NAME = "$(TARGET_NAME)";
				TEST_HOST = "$(BUILT_PRODUCTS_DIR)/OneShot.app/OneShot";
			};
			name = Release;
		};
/* End XCBuildConfiguration section */

/* Begin XCConfigurationList section */
		058075A41D256EE800BB3AC6 /* Build configuration list for PBXNativeTarget "OneShot-Watch Extension" */ = {
			isa = XCConfigurationList;
			buildConfigurations = (
				058075A51D256EE800BB3AC6 /* Debug */,
				058075A61D256EE800BB3AC6 /* Release */,
			);
			defaultConfigurationIsVisible = 0;
			defaultConfigurationName = Release;
		};
		058075A81D256EE800BB3AC6 /* Build configuration list for PBXNativeTarget "OneShot-Watch" */ = {
			isa = XCConfigurationList;
			buildConfigurations = (
				058075A91D256EE800BB3AC6 /* Debug */,
				058075AA1D256EE800BB3AC6 /* Release */,
			);
			defaultConfigurationIsVisible = 0;
			defaultConfigurationName = Release;
		};
		F42B191E1A7D46A3008503C6 /* Build configuration list for PBXProject "OneShot" */ = {
			isa = XCConfigurationList;
			buildConfigurations = (
				F42B19401A7D46A3008503C6 /* Debug */,
				F42B19411A7D46A3008503C6 /* Release */,
			);
			defaultConfigurationIsVisible = 0;
			defaultConfigurationName = Release;
		};
		F42B19421A7D46A3008503C6 /* Build configuration list for PBXNativeTarget "OneShot" */ = {
			isa = XCConfigurationList;
			buildConfigurations = (
				F42B19431A7D46A3008503C6 /* Debug */,
				F42B19441A7D46A3008503C6 /* Release */,
			);
			defaultConfigurationIsVisible = 0;
			defaultConfigurationName = Release;
		};
		F42B19451A7D46A3008503C6 /* Build configuration list for PBXNativeTarget "OneShotTests" */ = {
			isa = XCConfigurationList;
			buildConfigurations = (
				F42B19461A7D46A3008503C6 /* Debug */,
				F42B19471A7D46A3008503C6 /* Release */,
			);
			defaultConfigurationIsVisible = 0;
			defaultConfigurationName = Release;
		};
/* End XCConfigurationList section */
	};
	rootObject = F42B191B1A7D46A3008503C6 /* Project object */;
}
