// !$*UTF8*$!
{
	archiveVersion = 1;
	classes = {
	};
	objectVersion = 46;
	objects = {

/* Begin PBXBuildFile section */
		F403C1571BCAB72D00687887 /* MapViewController.swift in Sources */ = {isa = PBXBuildFile; fileRef = F403C1561BCAB72D00687887 /* MapViewController.swift */; };
		F42B19291A7D46A3008503C6 /* AppDelegate.swift in Sources */ = {isa = PBXBuildFile; fileRef = F42B19281A7D46A3008503C6 /* AppDelegate.swift */; };
		F42B192E1A7D46A3008503C6 /* Main.storyboard in Resources */ = {isa = PBXBuildFile; fileRef = F42B192C1A7D46A3008503C6 /* Main.storyboard */; };
		F42B19301A7D46A3008503C6 /* Images.xcassets in Resources */ = {isa = PBXBuildFile; fileRef = F42B192F1A7D46A3008503C6 /* Images.xcassets */; };
		F42B19331A7D46A3008503C6 /* LaunchScreen.xib in Resources */ = {isa = PBXBuildFile; fileRef = F42B19311A7D46A3008503C6 /* LaunchScreen.xib */; };
		F42B193F1A7D46A3008503C6 /* OneShotTests.swift in Sources */ = {isa = PBXBuildFile; fileRef = F42B193E1A7D46A3008503C6 /* OneShotTests.swift */; };
		F42B19491A7D46D3008503C6 /* CameraViewController.swift in Sources */ = {isa = PBXBuildFile; fileRef = F42B19481A7D46D3008503C6 /* CameraViewController.swift */; };
		F4CEE5A81A7E66BB006118A9 /* ImageViewController.swift in Sources */ = {isa = PBXBuildFile; fileRef = F4CEE5A71A7E66BB006118A9 /* ImageViewController.swift */; };
		F4CEE5AA1A7E6C57006118A9 /* Utils.swift in Sources */ = {isa = PBXBuildFile; fileRef = F4CEE5A91A7E6C57006118A9 /* Utils.swift */; };
/* End PBXBuildFile section */

/* Begin PBXContainerItemProxy section */
		F42B19391A7D46A3008503C6 /* PBXContainerItemProxy */ = {
			isa = PBXContainerItemProxy;
			containerPortal = F42B191B1A7D46A3008503C6 /* Project object */;
			proxyType = 1;
			remoteGlobalIDString = F42B19221A7D46A3008503C6;
			remoteInfo = OneShot;
		};
/* End PBXContainerItemProxy section */

/* Begin PBXFileReference section */
		F403C1561BCAB72D00687887 /* MapViewController.swift */ = {isa = PBXFileReference; fileEncoding = 4; lastKnownFileType = sourcecode.swift; path = MapViewController.swift; sourceTree = "<group>"; };
		F42B19231A7D46A3008503C6 /* OneShot.app */ = {isa = PBXFileReference; explicitFileType = wrapper.application; includeInIndex = 0; path = OneShot.app; sourceTree = BUILT_PRODUCTS_DIR; };
		F42B19271A7D46A3008503C6 /* Info.plist */ = {isa = PBXFileReference; lastKnownFileType = text.plist.xml; path = Info.plist; sourceTree = "<group>"; };
		F42B19281A7D46A3008503C6 /* AppDelegate.swift */ = {isa = PBXFileReference; lastKnownFileType = sourcecode.swift; path = AppDelegate.swift; sourceTree = "<group>"; };
		F42B192D1A7D46A3008503C6 /* Base */ = {isa = PBXFileReference; lastKnownFileType = file.storyboard; name = Base; path = Base.lproj/Main.storyboard; sourceTree = "<group>"; };
		F42B192F1A7D46A3008503C6 /* Images.xcassets */ = {isa = PBXFileReference; lastKnownFileType = folder.assetcatalog; path = Images.xcassets; sourceTree = "<group>"; };
		F42B19321A7D46A3008503C6 /* Base */ = {isa = PBXFileReference; lastKnownFileType = file.xib; name = Base; path = Base.lproj/LaunchScreen.xib; sourceTree = "<group>"; };
		F42B19381A7D46A3008503C6 /* OneShotTests.xctest */ = {isa = PBXFileReference; explicitFileType = wrapper.cfbundle; includeInIndex = 0; path = OneShotTests.xctest; sourceTree = BUILT_PRODUCTS_DIR; };
		F42B193D1A7D46A3008503C6 /* Info.plist */ = {isa = PBXFileReference; lastKnownFileType = text.plist.xml; path = Info.plist; sourceTree = "<group>"; };
		F42B193E1A7D46A3008503C6 /* OneShotTests.swift */ = {isa = PBXFileReference; lastKnownFileType = sourcecode.swift; path = OneShotTests.swift; sourceTree = "<group>"; };
		F42B19481A7D46D3008503C6 /* CameraViewController.swift */ = {isa = PBXFileReference; fileEncoding = 4; lastKnownFileType = sourcecode.swift; path = CameraViewController.swift; sourceTree = "<group>"; };
		F4CEE5A71A7E66BB006118A9 /* ImageViewController.swift */ = {isa = PBXFileReference; fileEncoding = 4; lastKnownFileType = sourcecode.swift; path = ImageViewController.swift; sourceTree = "<group>"; };
		F4CEE5A91A7E6C57006118A9 /* Utils.swift */ = {isa = PBXFileReference; fileEncoding = 4; lastKnownFileType = sourcecode.swift; path = Utils.swift; sourceTree = "<group>"; };
/* End PBXFileReference section */

/* Begin PBXFrameworksBuildPhase section */
		F42B19201A7D46A3008503C6 /* Frameworks */ = {
			isa = PBXFrameworksBuildPhase;
			buildActionMask = 2147483647;
			files = (
			);
			runOnlyForDeploymentPostprocessing = 0;
		};
		F42B19351A7D46A3008503C6 /* Frameworks */ = {
			isa = PBXFrameworksBuildPhase;
			buildActionMask = 2147483647;
			files = (
			);
			runOnlyForDeploymentPostprocessing = 0;
		};
/* End PBXFrameworksBuildPhase section */

/* Begin PBXGroup section */
		F42B191A1A7D46A2008503C6 = {
			isa = PBXGroup;
			children = (
				F42B19251A7D46A3008503C6 /* OneShot */,
				F42B193B1A7D46A3008503C6 /* OneShotTests */,
				F42B19241A7D46A3008503C6 /* Products */,
			);
			sourceTree = "<group>";
		};
		F42B19241A7D46A3008503C6 /* Products */ = {
			isa = PBXGroup;
			children = (
				F42B19231A7D46A3008503C6 /* OneShot.app */,
				F42B19381A7D46A3008503C6 /* OneShotTests.xctest */,
			);
			name = Products;
			sourceTree = "<group>";
		};
		F42B19251A7D46A3008503C6 /* OneShot */ = {
			isa = PBXGroup;
			children = (
				F4CEE5A91A7E6C57006118A9 /* Utils.swift */,
				F42B19281A7D46A3008503C6 /* AppDelegate.swift */,
				F403C1561BCAB72D00687887 /* MapViewController.swift */,
				F42B19481A7D46D3008503C6 /* CameraViewController.swift */,
				F4CEE5A71A7E66BB006118A9 /* ImageViewController.swift */,
				F42B192C1A7D46A3008503C6 /* Main.storyboard */,
				F42B192F1A7D46A3008503C6 /* Images.xcassets */,
				F42B19311A7D46A3008503C6 /* LaunchScreen.xib */,
				F42B19261A7D46A3008503C6 /* Supporting Files */,
			);
			path = OneShot;
			sourceTree = "<group>";
		};
		F42B19261A7D46A3008503C6 /* Supporting Files */ = {
			isa = PBXGroup;
			children = (
				F42B19271A7D46A3008503C6 /* Info.plist */,
			);
			name = "Supporting Files";
			sourceTree = "<group>";
		};
		F42B193B1A7D46A3008503C6 /* OneShotTests */ = {
			isa = PBXGroup;
			children = (
				F42B193E1A7D46A3008503C6 /* OneShotTests.swift */,
				F42B193C1A7D46A3008503C6 /* Supporting Files */,
			);
			path = OneShotTests;
			sourceTree = "<group>";
		};
		F42B193C1A7D46A3008503C6 /* Supporting Files */ = {
			isa = PBXGroup;
			children = (
				F42B193D1A7D46A3008503C6 /* Info.plist */,
			);
			name = "Supporting Files";
			sourceTree = "<group>";
		};
/* End PBXGroup section */

/* Begin PBXNativeTarget section */
		F42B19221A7D46A3008503C6 /* OneShot */ = {
			isa = PBXNativeTarget;
			buildConfigurationList = F42B19421A7D46A3008503C6 /* Build configuration list for PBXNativeTarget "OneShot" */;
			buildPhases = (
				F42B191F1A7D46A3008503C6 /* Sources */,
				F42B19201A7D46A3008503C6 /* Frameworks */,
				F42B19211A7D46A3008503C6 /* Resources */,
			);
			buildRules = (
			);
			dependencies = (
			);
			name = OneShot;
			productName = OneShot;
			productReference = F42B19231A7D46A3008503C6 /* OneShot.app */;
			productType = "com.apple.product-type.application";
		};
		F42B19371A7D46A3008503C6 /* OneShotTests */ = {
			isa = PBXNativeTarget;
			buildConfigurationList = F42B19451A7D46A3008503C6 /* Build configuration list for PBXNativeTarget "OneShotTests" */;
			buildPhases = (
				F42B19341A7D46A3008503C6 /* Sources */,
				F42B19351A7D46A3008503C6 /* Frameworks */,
				F42B19361A7D46A3008503C6 /* Resources */,
			);
			buildRules = (
			);
			dependencies = (
				F42B193A1A7D46A3008503C6 /* PBXTargetDependency */,
			);
			name = OneShotTests;
			productName = OneShotTests;
			productReference = F42B19381A7D46A3008503C6 /* OneShotTests.xctest */;
			productType = "com.apple.product-type.bundle.unit-test";
		};
/* End PBXNativeTarget section */

/* Begin PBXProject section */
		F42B191B1A7D46A3008503C6 /* Project object */ = {
			isa = PBXProject;
			attributes = {
				LastSwiftMigration = 0700;
				LastSwiftUpdateCheck = 0700;
				LastUpgradeCheck = 0700;
				ORGANIZATIONNAME = "Atanai Wuttisetpaiboon";
				TargetAttributes = {
					F42B19221A7D46A3008503C6 = {
						CreatedOnToolsVersion = 6.2;
						DevelopmentTeam = 9SKU7MFJG7;
						SystemCapabilities = {
							com.apple.Maps.iOS = {
								enabled = 0;
							};
						};
					};
					F42B19371A7D46A3008503C6 = {
						CreatedOnToolsVersion = 6.2;
						TestTargetID = F42B19221A7D46A3008503C6;
					};
				};
			};
			buildConfigurationList = F42B191E1A7D46A3008503C6 /* Build configuration list for PBXProject "OneShot" */;
			compatibilityVersion = "Xcode 3.2";
			developmentRegion = English;
			hasScannedForEncodings = 0;
			knownRegions = (
				en,
				Base,
			);
			mainGroup = F42B191A1A7D46A2008503C6;
			productRefGroup = F42B19241A7D46A3008503C6 /* Products */;
			projectDirPath = "";
			projectRoot = "";
			targets = (
				F42B19221A7D46A3008503C6 /* OneShot */,
				F42B19371A7D46A3008503C6 /* OneShotTests */,
			);
		};
/* End PBXProject section */

/* Begin PBXResourcesBuildPhase section */
		F42B19211A7D46A3008503C6 /* Resources */ = {
			isa = PBXResourcesBuildPhase;
			buildActionMask = 2147483647;
			files = (
				F42B192E1A7D46A3008503C6 /* Main.storyboard in Resources */,
				F42B19331A7D46A3008503C6 /* LaunchScreen.xib in Resources */,
				F42B19301A7D46A3008503C6 /* Images.xcassets in Resources */,
			);
			runOnlyForDeploymentPostprocessing = 0;
		};
		F42B19361A7D46A3008503C6 /* Resources */ = {
			isa = PBXResourcesBuildPhase;
			buildActionMask = 2147483647;
			files = (
			);
			runOnlyForDeploymentPostprocessing = 0;
		};
/* End PBXResourcesBuildPhase section */

/* Begin PBXSourcesBuildPhase section */
		F42B191F1A7D46A3008503C6 /* Sources */ = {
			isa = PBXSourcesBuildPhase;
			buildActionMask = 2147483647;
			files = (
				F42B19291A7D46A3008503C6 /* AppDelegate.swift in Sources */,
				F4CEE5A81A7E66BB006118A9 /* ImageViewController.swift in Sources */,
				F42B19491A7D46D3008503C6 /* CameraViewController.swift in Sources */,
				F403C1571BCAB72D00687887 /* MapViewController.swift in Sources */,
				F4CEE5AA1A7E6C57006118A9 /* Utils.swift in Sources */,
			);
			runOnlyForDeploymentPostprocessing = 0;
		};
		F42B19341A7D46A3008503C6 /* Sources */ = {
			isa = PBXSourcesBuildPhase;
			buildActionMask = 2147483647;
			files = (
				F42B193F1A7D46A3008503C6 /* OneShotTests.swift in Sources */,
			);
			runOnlyForDeploymentPostprocessing = 0;
		};
/* End PBXSourcesBuildPhase section */

/* Begin PBXTargetDependency section */
		F42B193A1A7D46A3008503C6 /* PBXTargetDependency */ = {
			isa = PBXTargetDependency;
			target = F42B19221A7D46A3008503C6 /* OneShot */;
			targetProxy = F42B19391A7D46A3008503C6 /* PBXContainerItemProxy */;
		};
/* End PBXTargetDependency section */

/* Begin PBXVariantGroup section */
		F42B192C1A7D46A3008503C6 /* Main.storyboard */ = {
			isa = PBXVariantGroup;
			children = (
				F42B192D1A7D46A3008503C6 /* Base */,
			);
			name = Main.storyboard;
			sourceTree = "<group>";
		};
		F42B19311A7D46A3008503C6 /* LaunchScreen.xib */ = {
			isa = PBXVariantGroup;
			children = (
				F42B19321A7D46A3008503C6 /* Base */,
			);
			name = LaunchScreen.xib;
			sourceTree = "<group>";
		};
/* End PBXVariantGroup section */

/* Begin XCBuildConfiguration section */
		F42B19401A7D46A3008503C6 /* Debug */ = {
			isa = XCBuildConfiguration;
			buildSettings = {
				ALWAYS_SEARCH_USER_PATHS = NO;
				CLANG_CXX_LANGUAGE_STANDARD = "gnu++0x";
				CLANG_CXX_LIBRARY = "libc++";
				CLANG_ENABLE_MODULES = YES;
				CLANG_ENABLE_OBJC_ARC = YES;
				CLANG_WARN_BOOL_CONVERSION = YES;
				CLANG_WARN_CONSTANT_CONVERSION = YES;
				CLANG_WARN_DIRECT_OBJC_ISA_USAGE = YES_ERROR;
				CLANG_WARN_EMPTY_BODY = YES;
				CLANG_WARN_ENUM_CONVERSION = YES;
				CLANG_WARN_INT_CONVERSION = YES;
				CLANG_WARN_OBJC_ROOT_CLASS = YES_ERROR;
				CLANG_WARN_UNREACHABLE_CODE = YES;
				CLANG_WARN__DUPLICATE_METHOD_MATCH = YES;
				"CODE_SIGN_IDENTITY[sdk=iphoneos*]" = "iPhone Developer";
				COPY_PHASE_STRIP = NO;
				ENABLE_STRICT_OBJC_MSGSEND = YES;
				ENABLE_TESTABILITY = YES;
				GCC_C_LANGUAGE_STANDARD = gnu99;
				GCC_DYNAMIC_NO_PIC = NO;
				GCC_OPTIMIZATION_LEVEL = 0;
				GCC_PREPROCESSOR_DEFINITIONS = (
					"DEBUG=1",
					"$(inherited)",
				);
				GCC_SYMBOLS_PRIVATE_EXTERN = NO;
				GCC_WARN_64_TO_32_BIT_CONVERSION = YES;
				GCC_WARN_ABOUT_RETURN_TYPE = YES_ERROR;
				GCC_WARN_UNDECLARED_SELECTOR = YES;
				GCC_WARN_UNINITIALIZED_AUTOS = YES_AGGRESSIVE;
				GCC_WARN_UNUSED_FUNCTION = YES;
				GCC_WARN_UNUSED_VARIABLE = YES;
				IPHONEOS_DEPLOYMENT_TARGET = 9.1;
				MTL_ENABLE_DEBUG_INFO = YES;
				ONLY_ACTIVE_ARCH = YES;
				SDKROOT = iphoneos;
				SWIFT_OPTIMIZATION_LEVEL = "-Onone";
			};
			name = Debug;
		};
		F42B19411A7D46A3008503C6 /* Release */ = {
			isa = XCBuildConfiguration;
			buildSettings = {
				ALWAYS_SEARCH_USER_PATHS = NO;
				CLANG_CXX_LANGUAGE_STANDARD = "gnu++0x";
				CLANG_CXX_LIBRARY = "libc++";
				CLANG_ENABLE_MODULES = YES;
				CLANG_ENABLE_OBJC_ARC = YES;
				CLANG_WARN_BOOL_CONVERSION = YES;
				CLANG_WARN_CONSTANT_CONVERSION = YES;
				CLANG_WARN_DIRECT_OBJC_ISA_USAGE = YES_ERROR;
				CLANG_WARN_EMPTY_BODY = YES;
				CLANG_WARN_ENUM_CONVERSION = YES;
				CLANG_WARN_INT_CONVERSION = YES;
				CLANG_WARN_OBJC_ROOT_CLASS = YES_ERROR;
				CLANG_WARN_UNREACHABLE_CODE = YES;
				CLANG_WARN__DUPLICATE_METHOD_MATCH = YES;
				"CODE_SIGN_IDENTITY[sdk=iphoneos*]" = "iPhone Developer";
				COPY_PHASE_STRIP = NO;
				ENABLE_NS_ASSERTIONS = NO;
				ENABLE_STRICT_OBJC_MSGSEND = YES;
				GCC_C_LANGUAGE_STANDARD = gnu99;
				GCC_WARN_64_TO_32_BIT_CONVERSION = YES;
				GCC_WARN_ABOUT_RETURN_TYPE = YES_ERROR;
				GCC_WARN_UNDECLARED_SELECTOR = YES;
				GCC_WARN_UNINITIALIZED_AUTOS = YES_AGGRESSIVE;
				GCC_WARN_UNUSED_FUNCTION = YES;
				GCC_WARN_UNUSED_VARIABLE = YES;
				IPHONEOS_DEPLOYMENT_TARGET = 9.1;
				MTL_ENABLE_DEBUG_INFO = NO;
				SDKROOT = iphoneos;
				VALIDATE_PRODUCT = YES;
			};
			name = Release;
		};
		F42B19431A7D46A3008503C6 /* Debug */ = {
			isa = XCBuildConfiguration;
			buildSettings = {
				ASSETCATALOG_COMPILER_APPICON_NAME = AppIcon;
				CODE_SIGN_IDENTITY = "iPhone Developer";
				"CODE_SIGN_IDENTITY[sdk=iphoneos*]" = "iPhone Developer";
				INFOPLIST_FILE = OneShot/Info.plist;
				IPHONEOS_DEPLOYMENT_TARGET = 8.0;
				LD_RUNPATH_SEARCH_PATHS = "$(inherited) @executable_path/Frameworks";
				PRODUCT_BUNDLE_IDENTIFIER = "Atanai.$(PRODUCT_NAME:rfc1034identifier)";
				PRODUCT_NAME = "$(TARGET_NAME)";
				PROVISIONING_PROFILE = "";
				TARGETED_DEVICE_FAMILY = 1;
			};
			name = Debug;
		};
		F42B19441A7D46A3008503C6 /* Release */ = {
			isa = XCBuildConfiguration;
			buildSettings = {
				ASSETCATALOG_COMPILER_APPICON_NAME = AppIcon;
				CODE_SIGN_IDENTITY = "iPhone Developer";
				"CODE_SIGN_IDENTITY[sdk=iphoneos*]" = "iPhone Developer";
				INFOPLIST_FILE = OneShot/Info.plist;
				IPHONEOS_DEPLOYMENT_TARGET = 8.0;
				LD_RUNPATH_SEARCH_PATHS = "$(inherited) @executable_path/Frameworks";
				PRODUCT_BUNDLE_IDENTIFIER = "Atanai.$(PRODUCT_NAME:rfc1034identifier)";
				PRODUCT_NAME = "$(TARGET_NAME)";
				PROVISIONING_PROFILE = "";
				TARGETED_DEVICE_FAMILY = 1;
			};
			name = Release;
		};
		F42B19461A7D46A3008503C6 /* Debug */ = {
			isa = XCBuildConfiguration;
			buildSettings = {
				BUNDLE_LOADER = "$(TEST_HOST)";
				FRAMEWORK_SEARCH_PATHS = (
					"$(SDKROOT)/Developer/Library/Frameworks",
					"$(inherited)",
				);
				GCC_PREPROCESSOR_DEFINITIONS = (
					"DEBUG=1",
					"$(inherited)",
				);
				INFOPLIST_FILE = OneShotTests/Info.plist;
				LD_RUNPATH_SEARCH_PATHS = "$(inherited) @executable_path/Frameworks @loader_path/Frameworks";
				PRODUCT_BUNDLE_IDENTIFIER = "Atanai.$(PRODUCT_NAME:rfc1034identifier)";
				PRODUCT_NAME = "$(TARGET_NAME)";
				TEST_HOST = "$(BUILT_PRODUCTS_DIR)/OneShot.app/OneShot";
			};
			name = Debug;
		};
		F42B19471A7D46A3008503C6 /* Release */ = {
			isa = XCBuildConfiguration;
			buildSettings = {
				BUNDLE_LOADER = "$(TEST_HOST)";
				FRAMEWORK_SEARCH_PATHS = (
					"$(SDKROOT)/Developer/Library/Frameworks",
					"$(inherited)",
				);
				INFOPLIST_FILE = OneShotTests/Info.plist;
				LD_RUNPATH_SEARCH_PATHS = "$(inherited) @executable_path/Frameworks @loader_path/Frameworks";
				PRODUCT_BUNDLE_IDENTIFIER = "Atanai.$(PRODUCT_NAME:rfc1034identifier)";
				PRODUCT_NAME = "$(TARGET_NAME)";
				TEST_HOST = "$(BUILT_PRODUCTS_DIR)/OneShot.app/OneShot";
			};
			name = Release;
		};
/* End XCBuildConfiguration section */

/* Begin XCConfigurationList section */
		F42B191E1A7D46A3008503C6 /* Build configuration list for PBXProject "OneShot" */ = {
			isa = XCConfigurationList;
			buildConfigurations = (
				F42B19401A7D46A3008503C6 /* Debug */,
				F42B19411A7D46A3008503C6 /* Release */,
			);
			defaultConfigurationIsVisible = 0;
			defaultConfigurationName = Release;
		};
		F42B19421A7D46A3008503C6 /* Build configuration list for PBXNativeTarget "OneShot" */ = {
			isa = XCConfigurationList;
			buildConfigurations = (
				F42B19431A7D46A3008503C6 /* Debug */,
				F42B19441A7D46A3008503C6 /* Release */,
			);
			defaultConfigurationIsVisible = 0;
			defaultConfigurationName = Release;
		};
		F42B19451A7D46A3008503C6 /* Build configuration list for PBXNativeTarget "OneShotTests" */ = {
			isa = XCConfigurationList;
			buildConfigurations = (
				F42B19461A7D46A3008503C6 /* Debug */,
				F42B19471A7D46A3008503C6 /* Release */,
			);
			defaultConfigurationIsVisible = 0;
			defaultConfigurationName = Release;
		};
/* End XCConfigurationList section */
	};
	rootObject = F42B191B1A7D46A3008503C6 /* Project object */;
}
